// !$*UTF8*$!
{
	archiveVersion = 1;
	classes = {
	};
	objectVersion = 46;
	objects = {

/* Begin PBXBuildFile section */
		091229F91FA5F13000AEE295 /* ParentViewController.m in Sources */ = {isa = PBXBuildFile; fileRef = 091229F81FA5F13000AEE295 /* ParentViewController.m */; };
		091A68771FA1CAC100DAA561 /* main.m in Sources */ = {isa = PBXBuildFile; fileRef = 091A68761FA1CAC100DAA561 /* main.m */; };
		091A687A1FA1CAC100DAA561 /* AppDelegate.m in Sources */ = {isa = PBXBuildFile; fileRef = 091A68791FA1CAC100DAA561 /* AppDelegate.m */; };
		091A687D1FA1CAC100DAA561 /* ViewController.m in Sources */ = {isa = PBXBuildFile; fileRef = 091A687C1FA1CAC100DAA561 /* ViewController.m */; };
		091A68801FA1CAC100DAA561 /* Main.storyboard in Resources */ = {isa = PBXBuildFile; fileRef = 091A687E1FA1CAC100DAA561 /* Main.storyboard */; };
		091A68821FA1CAC100DAA561 /* Assets.xcassets in Resources */ = {isa = PBXBuildFile; fileRef = 091A68811FA1CAC100DAA561 /* Assets.xcassets */; };
		091A68851FA1CAC100DAA561 /* LaunchScreen.storyboard in Resources */ = {isa = PBXBuildFile; fileRef = 091A68831FA1CAC100DAA561 /* LaunchScreen.storyboard */; };
		091A68901FA1CAC200DAA561 /* YFPageMenuTests.m in Sources */ = {isa = PBXBuildFile; fileRef = 091A688F1FA1CAC200DAA561 /* YFPageMenuTests.m */; };
		091A689B1FA1CAC200DAA561 /* YFPageMenuUITests.m in Sources */ = {isa = PBXBuildFile; fileRef = 091A689A1FA1CAC200DAA561 /* YFPageMenuUITests.m */; };
		095E9C181FA6F8CC0097A889 /* BaseViewController.m in Sources */ = {isa = PBXBuildFile; fileRef = 095E9C041FA6F8CC0097A889 /* BaseViewController.m */; };
		095E9C191FA6F8CC0097A889 /* EightViewController.m in Sources */ = {isa = PBXBuildFile; fileRef = 095E9C061FA6F8CC0097A889 /* EightViewController.m */; };
		095E9C1A1FA6F8CC0097A889 /* FirstViewController.m in Sources */ = {isa = PBXBuildFile; fileRef = 095E9C081FA6F8CC0097A889 /* FirstViewController.m */; };
		095E9C1B1FA6F8CC0097A889 /* FiveViewController.m in Sources */ = {isa = PBXBuildFile; fileRef = 095E9C0A1FA6F8CC0097A889 /* FiveViewController.m */; };
		095E9C1C1FA6F8CC0097A889 /* FourViewController.m in Sources */ = {isa = PBXBuildFile; fileRef = 095E9C0C1FA6F8CC0097A889 /* FourViewController.m */; };
		095E9C1D1FA6F8CC0097A889 /* SecondViewController.m in Sources */ = {isa = PBXBuildFile; fileRef = 095E9C0E1FA6F8CC0097A889 /* SecondViewController.m */; };
		095E9C1E1FA6F8CC0097A889 /* SevenViewController.m in Sources */ = {isa = PBXBuildFile; fileRef = 095E9C101FA6F8CC0097A889 /* SevenViewController.m */; };
		095E9C1F1FA6F8CC0097A889 /* SixViewController.m in Sources */ = {isa = PBXBuildFile; fileRef = 095E9C121FA6F8CC0097A889 /* SixViewController.m */; };
		095E9C211FA6F8CC0097A889 /* ThidViewController.m in Sources */ = {isa = PBXBuildFile; fileRef = 095E9C171FA6F8CC0097A889 /* ThidViewController.m */; };
		6A8808C1213D361D00C3553F /* mateor.jpg in Resources */ = {isa = PBXBuildFile; fileRef = 6A8808BF213D361C00C3553F /* mateor.jpg */; };
		6A9270122179BCF400831045 /* JSBadgeView.m in Sources */ = {isa = PBXBuildFile; fileRef = 6A9270102179BCF400831045 /* JSBadgeView.m */; };
		C20E64FE265E22EC004BD51E /* YFPageMenuButtonItem.m in Sources */ = {isa = PBXBuildFile; fileRef = C20E64F2265E22EC004BD51E /* YFPageMenuButtonItem.m */; };
		C20E64FF265E22EC004BD51E /* YFPageMenuTracker.m in Sources */ = {isa = PBXBuildFile; fileRef = C20E64F4265E22EC004BD51E /* YFPageMenuTracker.m */; };
		C20E6500265E22EC004BD51E /* YFPageMenu.m in Sources */ = {isa = PBXBuildFile; fileRef = C20E64F5265E22EC004BD51E /* YFPageMenu.m */; };
		C20E6501265E22EC004BD51E /* YFPageMenuLine.m in Sources */ = {isa = PBXBuildFile; fileRef = C20E64F6265E22EC004BD51E /* YFPageMenuLine.m */; };
		C20E6502265E22EC004BD51E /* YFPageMenuButton.m in Sources */ = {isa = PBXBuildFile; fileRef = C20E64F8265E22EC004BD51E /* YFPageMenuButton.m */; };
		C20E6503265E22EC004BD51E /* YFPageMenuScrollView.m in Sources */ = {isa = PBXBuildFile; fileRef = C20E64FD265E22EC004BD51E /* YFPageMenuScrollView.m */; };
/* End PBXBuildFile section */

/* Begin PBXContainerItemProxy section */
		091A688C1FA1CAC200DAA561 /* PBXContainerItemProxy */ = {
			isa = PBXContainerItemProxy;
			containerPortal = 091A686A1FA1CAC100DAA561 /* Project object */;
			proxyType = 1;
			remoteGlobalIDString = 091A68711FA1CAC100DAA561;
			remoteInfo = YFPageMenu;
		};
		091A68971FA1CAC200DAA561 /* PBXContainerItemProxy */ = {
			isa = PBXContainerItemProxy;
			containerPortal = 091A686A1FA1CAC100DAA561 /* Project object */;
			proxyType = 1;
			remoteGlobalIDString = 091A68711FA1CAC100DAA561;
			remoteInfo = YFPageMenu;
		};
/* End PBXContainerItemProxy section */

/* Begin PBXFileReference section */
		091229F71FA5F13000AEE295 /* ParentViewController.h */ = {isa = PBXFileReference; fileEncoding = 4; lastKnownFileType = sourcecode.c.h; path = ParentViewController.h; sourceTree = "<group>"; };
		091229F81FA5F13000AEE295 /* ParentViewController.m */ = {isa = PBXFileReference; fileEncoding = 4; lastKnownFileType = sourcecode.c.objc; path = ParentViewController.m; sourceTree = "<group>"; };
		091A68721FA1CAC100DAA561 /* YFPageMenu.app */ = {isa = PBXFileReference; explicitFileType = wrapper.application; includeInIndex = 0; path = YFPageMenu.app; sourceTree = BUILT_PRODUCTS_DIR; };
		091A68761FA1CAC100DAA561 /* main.m */ = {isa = PBXFileReference; lastKnownFileType = sourcecode.c.objc; path = main.m; sourceTree = "<group>"; };
		091A68781FA1CAC100DAA561 /* AppDelegate.h */ = {isa = PBXFileReference; lastKnownFileType = sourcecode.c.h; path = AppDelegate.h; sourceTree = "<group>"; };
		091A68791FA1CAC100DAA561 /* AppDelegate.m */ = {isa = PBXFileReference; lastKnownFileType = sourcecode.c.objc; path = AppDelegate.m; sourceTree = "<group>"; };
		091A687B1FA1CAC100DAA561 /* ViewController.h */ = {isa = PBXFileReference; lastKnownFileType = sourcecode.c.h; path = ViewController.h; sourceTree = "<group>"; };
		091A687C1FA1CAC100DAA561 /* ViewController.m */ = {isa = PBXFileReference; lastKnownFileType = sourcecode.c.objc; path = ViewController.m; sourceTree = "<group>"; };
		091A687F1FA1CAC100DAA561 /* Base */ = {isa = PBXFileReference; lastKnownFileType = file.storyboard; name = Base; path = Base.lproj/Main.storyboard; sourceTree = "<group>"; };
		091A68811FA1CAC100DAA561 /* Assets.xcassets */ = {isa = PBXFileReference; lastKnownFileType = folder.assetcatalog; path = Assets.xcassets; sourceTree = "<group>"; };
		091A68841FA1CAC100DAA561 /* Base */ = {isa = PBXFileReference; lastKnownFileType = file.storyboard; name = Base; path = Base.lproj/LaunchScreen.storyboard; sourceTree = "<group>"; };
		091A68861FA1CAC100DAA561 /* Info.plist */ = {isa = PBXFileReference; lastKnownFileType = text.plist.xml; path = Info.plist; sourceTree = "<group>"; };
		091A688B1FA1CAC200DAA561 /* YFPageMenuTests.xctest */ = {isa = PBXFileReference; explicitFileType = wrapper.cfbundle; includeInIndex = 0; path = YFPageMenuTests.xctest; sourceTree = BUILT_PRODUCTS_DIR; };
		091A688F1FA1CAC200DAA561 /* YFPageMenuTests.m */ = {isa = PBXFileReference; lastKnownFileType = sourcecode.c.objc; path = YFPageMenuTests.m; sourceTree = "<group>"; };
		091A68911FA1CAC200DAA561 /* Info.plist */ = {isa = PBXFileReference; lastKnownFileType = text.plist.xml; path = Info.plist; sourceTree = "<group>"; };
		091A68961FA1CAC200DAA561 /* YFPageMenuUITests.xctest */ = {isa = PBXFileReference; explicitFileType = wrapper.cfbundle; includeInIndex = 0; path = YFPageMenuUITests.xctest; sourceTree = BUILT_PRODUCTS_DIR; };
		091A689A1FA1CAC200DAA561 /* YFPageMenuUITests.m */ = {isa = PBXFileReference; lastKnownFileType = sourcecode.c.objc; path = YFPageMenuUITests.m; sourceTree = "<group>"; };
		091A689C1FA1CAC200DAA561 /* Info.plist */ = {isa = PBXFileReference; lastKnownFileType = text.plist.xml; path = Info.plist; sourceTree = "<group>"; };
		095E9C031FA6F8CC0097A889 /* BaseViewController.h */ = {isa = PBXFileReference; fileEncoding = 4; lastKnownFileType = sourcecode.c.h; path = BaseViewController.h; sourceTree = "<group>"; };
		095E9C041FA6F8CC0097A889 /* BaseViewController.m */ = {isa = PBXFileReference; fileEncoding = 4; lastKnownFileType = sourcecode.c.objc; path = BaseViewController.m; sourceTree = "<group>"; };
		095E9C051FA6F8CC0097A889 /* EightViewController.h */ = {isa = PBXFileReference; fileEncoding = 4; lastKnownFileType = sourcecode.c.h; path = EightViewController.h; sourceTree = "<group>"; };
		095E9C061FA6F8CC0097A889 /* EightViewController.m */ = {isa = PBXFileReference; fileEncoding = 4; lastKnownFileType = sourcecode.c.objc; path = EightViewController.m; sourceTree = "<group>"; };
		095E9C071FA6F8CC0097A889 /* FirstViewController.h */ = {isa = PBXFileReference; fileEncoding = 4; lastKnownFileType = sourcecode.c.h; path = FirstViewController.h; sourceTree = "<group>"; };
		095E9C081FA6F8CC0097A889 /* FirstViewController.m */ = {isa = PBXFileReference; fileEncoding = 4; lastKnownFileType = sourcecode.c.objc; path = FirstViewController.m; sourceTree = "<group>"; };
		095E9C091FA6F8CC0097A889 /* FiveViewController.h */ = {isa = PBXFileReference; fileEncoding = 4; lastKnownFileType = sourcecode.c.h; path = FiveViewController.h; sourceTree = "<group>"; };
		095E9C0A1FA6F8CC0097A889 /* FiveViewController.m */ = {isa = PBXFileReference; fileEncoding = 4; lastKnownFileType = sourcecode.c.objc; path = FiveViewController.m; sourceTree = "<group>"; };
		095E9C0B1FA6F8CC0097A889 /* FourViewController.h */ = {isa = PBXFileReference; fileEncoding = 4; lastKnownFileType = sourcecode.c.h; path = FourViewController.h; sourceTree = "<group>"; };
		095E9C0C1FA6F8CC0097A889 /* FourViewController.m */ = {isa = PBXFileReference; fileEncoding = 4; lastKnownFileType = sourcecode.c.objc; path = FourViewController.m; sourceTree = "<group>"; };
		095E9C0D1FA6F8CC0097A889 /* SecondViewController.h */ = {isa = PBXFileReference; fileEncoding = 4; lastKnownFileType = sourcecode.c.h; path = SecondViewController.h; sourceTree = "<group>"; };
		095E9C0E1FA6F8CC0097A889 /* SecondViewController.m */ = {isa = PBXFileReference; fileEncoding = 4; lastKnownFileType = sourcecode.c.objc; path = SecondViewController.m; sourceTree = "<group>"; };
		095E9C0F1FA6F8CC0097A889 /* SevenViewController.h */ = {isa = PBXFileReference; fileEncoding = 4; lastKnownFileType = sourcecode.c.h; path = SevenViewController.h; sourceTree = "<group>"; };
		095E9C101FA6F8CC0097A889 /* SevenViewController.m */ = {isa = PBXFileReference; fileEncoding = 4; lastKnownFileType = sourcecode.c.objc; path = SevenViewController.m; sourceTree = "<group>"; };
		095E9C111FA6F8CC0097A889 /* SixViewController.h */ = {isa = PBXFileReference; fileEncoding = 4; lastKnownFileType = sourcecode.c.h; path = SixViewController.h; sourceTree = "<group>"; };
		095E9C121FA6F8CC0097A889 /* SixViewController.m */ = {isa = PBXFileReference; fileEncoding = 4; lastKnownFileType = sourcecode.c.objc; path = SixViewController.m; sourceTree = "<group>"; };
		095E9C161FA6F8CC0097A889 /* ThidViewController.h */ = {isa = PBXFileReference; fileEncoding = 4; lastKnownFileType = sourcecode.c.h; path = ThidViewController.h; sourceTree = "<group>"; };
		095E9C171FA6F8CC0097A889 /* ThidViewController.m */ = {isa = PBXFileReference; fileEncoding = 4; lastKnownFileType = sourcecode.c.objc; path = ThidViewController.m; sourceTree = "<group>"; };
		6A8808BF213D361C00C3553F /* mateor.jpg */ = {isa = PBXFileReference; lastKnownFileType = image.jpeg; path = mateor.jpg; sourceTree = "<group>"; };
		6A9270102179BCF400831045 /* JSBadgeView.m */ = {isa = PBXFileReference; fileEncoding = 4; lastKnownFileType = sourcecode.c.objc; path = JSBadgeView.m; sourceTree = "<group>"; };
		6A9270112179BCF400831045 /* JSBadgeView.h */ = {isa = PBXFileReference; fileEncoding = 4; lastKnownFileType = sourcecode.c.h; path = JSBadgeView.h; sourceTree = "<group>"; };
		C20E64F2265E22EC004BD51E /* YFPageMenuButtonItem.m */ = {isa = PBXFileReference; fileEncoding = 4; lastKnownFileType = sourcecode.c.objc; name = YFPageMenuButtonItem.m; path = "../../../studycloud-ios/Medicine/Tool/YFPageMenu/YFPageMenuButtonItem.m"; sourceTree = "<group>"; };
		C20E64F3265E22EC004BD51E /* YFPageMenuTracker.h */ = {isa = PBXFileReference; fileEncoding = 4; lastKnownFileType = sourcecode.c.h; name = YFPageMenuTracker.h; path = "../../../studycloud-ios/Medicine/Tool/YFPageMenu/YFPageMenuTracker.h"; sourceTree = "<group>"; };
		C20E64F4265E22EC004BD51E /* YFPageMenuTracker.m */ = {isa = PBXFileReference; fileEncoding = 4; lastKnownFileType = sourcecode.c.objc; name = YFPageMenuTracker.m; path = "../../../studycloud-ios/Medicine/Tool/YFPageMenu/YFPageMenuTracker.m"; sourceTree = "<group>"; };
		C20E64F5265E22EC004BD51E /* YFPageMenu.m */ = {isa = PBXFileReference; fileEncoding = 4; lastKnownFileType = sourcecode.c.objc; name = YFPageMenu.m; path = "../../../studycloud-ios/Medicine/Tool/YFPageMenu/YFPageMenu.m"; sourceTree = "<group>"; };
		C20E64F6265E22EC004BD51E /* YFPageMenuLine.m */ = {isa = PBXFileReference; fileEncoding = 4; lastKnownFileType = sourcecode.c.objc; name = YFPageMenuLine.m; path = "../../../studycloud-ios/Medicine/Tool/YFPageMenu/YFPageMenuLine.m"; sourceTree = "<group>"; };
		C20E64F7265E22EC004BD51E /* YFPageMenuScrollView.h */ = {isa = PBXFileReference; fileEncoding = 4; lastKnownFileType = sourcecode.c.h; name = YFPageMenuScrollView.h; path = "../../../studycloud-ios/Medicine/Tool/YFPageMenu/YFPageMenuScrollView.h"; sourceTree = "<group>"; };
		C20E64F8265E22EC004BD51E /* YFPageMenuButton.m */ = {isa = PBXFileReference; fileEncoding = 4; lastKnownFileType = sourcecode.c.objc; name = YFPageMenuButton.m; path = "../../../studycloud-ios/Medicine/Tool/YFPageMenu/YFPageMenuButton.m"; sourceTree = "<group>"; };
		C20E64F9265E22EC004BD51E /* YFPageMenuButton.h */ = {isa = PBXFileReference; fileEncoding = 4; lastKnownFileType = sourcecode.c.h; name = YFPageMenuButton.h; path = "../../../studycloud-ios/Medicine/Tool/YFPageMenu/YFPageMenuButton.h"; sourceTree = "<group>"; };
		C20E64FA265E22EC004BD51E /* YFPageMenuLine.h */ = {isa = PBXFileReference; fileEncoding = 4; lastKnownFileType = sourcecode.c.h; name = YFPageMenuLine.h; path = "../../../studycloud-ios/Medicine/Tool/YFPageMenu/YFPageMenuLine.h"; sourceTree = "<group>"; };
		C20E64FB265E22EC004BD51E /* YFPageMenuButtonItem.h */ = {isa = PBXFileReference; fileEncoding = 4; lastKnownFileType = sourcecode.c.h; name = YFPageMenuButtonItem.h; path = "../../../studycloud-ios/Medicine/Tool/YFPageMenu/YFPageMenuButtonItem.h"; sourceTree = "<group>"; };
		C20E64FC265E22EC004BD51E /* YFPageMenu.h */ = {isa = PBXFileReference; fileEncoding = 4; lastKnownFileType = sourcecode.c.h; name = YFPageMenu.h; path = "../../../studycloud-ios/Medicine/Tool/YFPageMenu/YFPageMenu.h"; sourceTree = "<group>"; };
		C20E64FD265E22EC004BD51E /* YFPageMenuScrollView.m */ = {isa = PBXFileReference; fileEncoding = 4; lastKnownFileType = sourcecode.c.objc; name = YFPageMenuScrollView.m; path = "../../../studycloud-ios/Medicine/Tool/YFPageMenu/YFPageMenuScrollView.m"; sourceTree = "<group>"; };
		C288EF60265E37CF00AABB2D /* YFPageMenuTracker.h */ = {isa = PBXFileReference; lastKnownFileType = sourcecode.c.h; path = YFPageMenuTracker.h; sourceTree = "<group>"; };
		C288EF61265E37CF00AABB2D /* YFPageMenuButtonItem.h */ = {isa = PBXFileReference; lastKnownFileType = sourcecode.c.h; path = YFPageMenuButtonItem.h; sourceTree = "<group>"; };
		C288EF62265E37CF00AABB2D /* YFPageMenuScrollView.h */ = {isa = PBXFileReference; lastKnownFileType = sourcecode.c.h; path = YFPageMenuScrollView.h; sourceTree = "<group>"; };
		C288EF63265E37D000AABB2D /* YFPageMenuScrollView.m */ = {isa = PBXFileReference; lastKnownFileType = sourcecode.c.objc; path = YFPageMenuScrollView.m; sourceTree = "<group>"; };
		C288EF64265E37D000AABB2D /* YFPageMenuLine.m */ = {isa = PBXFileReference; lastKnownFileType = sourcecode.c.objc; path = YFPageMenuLine.m; sourceTree = "<group>"; };
		C288EF65265E37D000AABB2D /* YFPageMenuTracker.m */ = {isa = PBXFileReference; lastKnownFileType = sourcecode.c.objc; path = YFPageMenuTracker.m; sourceTree = "<group>"; };
		C288EF66265E37D000AABB2D /* YFPageMenuButton.m */ = {isa = PBXFileReference; lastKnownFileType = sourcecode.c.objc; path = YFPageMenuButton.m; sourceTree = "<group>"; };
		C288EF67265E37D000AABB2D /* YFPageMenuLine.h */ = {isa = PBXFileReference; lastKnownFileType = sourcecode.c.h; path = YFPageMenuLine.h; sourceTree = "<group>"; };
		C288EF68265E37D000AABB2D /* YFPageMenu.m */ = {isa = PBXFileReference; lastKnownFileType = sourcecode.c.objc; path = YFPageMenu.m; sourceTree = "<group>"; };
		C288EF69265E37D000AABB2D /* YFPageMenuButton.h */ = {isa = PBXFileReference; lastKnownFileType = sourcecode.c.h; path = YFPageMenuButton.h; sourceTree = "<group>"; };
		C288EF6A265E37D000AABB2D /* YFPageMenuButtonItem.m */ = {isa = PBXFileReference; lastKnownFileType = sourcecode.c.objc; path = YFPageMenuButtonItem.m; sourceTree = "<group>"; };
		C288EF6B265E37D100AABB2D /* YFPageMenu.h */ = {isa = PBXFileReference; lastKnownFileType = sourcecode.c.h; path = YFPageMenu.h; sourceTree = "<group>"; };
/* End PBXFileReference section */

/* Begin PBXFrameworksBuildPhase section */
		091A686F1FA1CAC100DAA561 /* Frameworks */ = {
			isa = PBXFrameworksBuildPhase;
			buildActionMask = 2147483647;
			files = (
			);
			runOnlyForDeploymentPostprocessing = 0;
		};
		091A68881FA1CAC200DAA561 /* Frameworks */ = {
			isa = PBXFrameworksBuildPhase;
			buildActionMask = 2147483647;
			files = (
			);
			runOnlyForDeploymentPostprocessing = 0;
		};
		091A68931FA1CAC200DAA561 /* Frameworks */ = {
			isa = PBXFrameworksBuildPhase;
			buildActionMask = 2147483647;
			files = (
			);
			runOnlyForDeploymentPostprocessing = 0;
		};
/* End PBXFrameworksBuildPhase section */

/* Begin PBXGroup section */
		091A68691FA1CAC100DAA561 = {
			isa = PBXGroup;
			children = (
				091A68741FA1CAC100DAA561 /* YFPageMenu */,
				091A688E1FA1CAC200DAA561 /* YFPageMenuTests */,
				091A68991FA1CAC200DAA561 /* YFPageMenuUITests */,
				091A68731FA1CAC100DAA561 /* Products */,
			);
			sourceTree = "<group>";
		};
		091A68731FA1CAC100DAA561 /* Products */ = {
			isa = PBXGroup;
			children = (
				091A68721FA1CAC100DAA561 /* YFPageMenu.app */,
				091A688B1FA1CAC200DAA561 /* YFPageMenuTests.xctest */,
				091A68961FA1CAC200DAA561 /* YFPageMenuUITests.xctest */,
			);
			name = Products;
			sourceTree = "<group>";
		};
		091A68741FA1CAC100DAA561 /* YFPageMenu */ = {
			isa = PBXGroup;
			children = (
				C288EF5F265E37CA00AABB2D /* YFPageMenu */,
				091A687B1FA1CAC100DAA561 /* ViewController.h */,
				091A687C1FA1CAC100DAA561 /* ViewController.m */,
				091229F71FA5F13000AEE295 /* ParentViewController.h */,
				091229F81FA5F13000AEE295 /* ParentViewController.m */,
				C20E64FC265E22EC004BD51E /* YFPageMenu.h */,
				C20E64F5265E22EC004BD51E /* YFPageMenu.m */,
				C20E64F9265E22EC004BD51E /* YFPageMenuButton.h */,
				C20E64F8265E22EC004BD51E /* YFPageMenuButton.m */,
				C20E64FB265E22EC004BD51E /* YFPageMenuButtonItem.h */,
				C20E64F2265E22EC004BD51E /* YFPageMenuButtonItem.m */,
				C20E64FA265E22EC004BD51E /* YFPageMenuLine.h */,
				C20E64F6265E22EC004BD51E /* YFPageMenuLine.m */,
				C20E64F7265E22EC004BD51E /* YFPageMenuScrollView.h */,
				C20E64FD265E22EC004BD51E /* YFPageMenuScrollView.m */,
				C20E64F3265E22EC004BD51E /* YFPageMenuTracker.h */,
				C20E64F4265E22EC004BD51E /* YFPageMenuTracker.m */,
				095E9C021FA6F8CC0097A889 /* ChildViewControllers */,
				DC317C5E213C0BB9000F4159 /* Images */,
				6A92700F2179BCF400831045 /* JSBadgeView */,
				091A687E1FA1CAC100DAA561 /* Main.storyboard */,
				091A68811FA1CAC100DAA561 /* Assets.xcassets */,
				091A68831FA1CAC100DAA561 /* LaunchScreen.storyboard */,
				091A68861FA1CAC100DAA561 /* Info.plist */,
				091A68781FA1CAC100DAA561 /* AppDelegate.h */,
				091A68791FA1CAC100DAA561 /* AppDelegate.m */,
				091A68751FA1CAC100DAA561 /* Supporting Files */,
			);
			path = YFPageMenu;
			sourceTree = "<group>";
		};
		091A68751FA1CAC100DAA561 /* Supporting Files */ = {
			isa = PBXGroup;
			children = (
				091A68761FA1CAC100DAA561 /* main.m */,
			);
			name = "Supporting Files";
			sourceTree = "<group>";
		};
		091A688E1FA1CAC200DAA561 /* YFPageMenuTests */ = {
			isa = PBXGroup;
			children = (
				091A688F1FA1CAC200DAA561 /* YFPageMenuTests.m */,
				091A68911FA1CAC200DAA561 /* Info.plist */,
			);
			path = YFPageMenuTests;
			sourceTree = "<group>";
		};
		091A68991FA1CAC200DAA561 /* YFPageMenuUITests */ = {
			isa = PBXGroup;
			children = (
				091A689A1FA1CAC200DAA561 /* YFPageMenuUITests.m */,
				091A689C1FA1CAC200DAA561 /* Info.plist */,
			);
			path = YFPageMenuUITests;
			sourceTree = "<group>";
		};
		095E9C021FA6F8CC0097A889 /* ChildViewControllers */ = {
			isa = PBXGroup;
			children = (
				095E9C031FA6F8CC0097A889 /* BaseViewController.h */,
				095E9C041FA6F8CC0097A889 /* BaseViewController.m */,
				095E9C071FA6F8CC0097A889 /* FirstViewController.h */,
				095E9C081FA6F8CC0097A889 /* FirstViewController.m */,
				095E9C0D1FA6F8CC0097A889 /* SecondViewController.h */,
				095E9C0E1FA6F8CC0097A889 /* SecondViewController.m */,
				095E9C161FA6F8CC0097A889 /* ThidViewController.h */,
				095E9C171FA6F8CC0097A889 /* ThidViewController.m */,
				095E9C0B1FA6F8CC0097A889 /* FourViewController.h */,
				095E9C0C1FA6F8CC0097A889 /* FourViewController.m */,
				095E9C091FA6F8CC0097A889 /* FiveViewController.h */,
				095E9C0A1FA6F8CC0097A889 /* FiveViewController.m */,
				095E9C111FA6F8CC0097A889 /* SixViewController.h */,
				095E9C121FA6F8CC0097A889 /* SixViewController.m */,
				095E9C0F1FA6F8CC0097A889 /* SevenViewController.h */,
				095E9C101FA6F8CC0097A889 /* SevenViewController.m */,
				095E9C051FA6F8CC0097A889 /* EightViewController.h */,
				095E9C061FA6F8CC0097A889 /* EightViewController.m */,
			);
			path = ChildViewControllers;
			sourceTree = "<group>";
		};
		6A92700F2179BCF400831045 /* JSBadgeView */ = {
			isa = PBXGroup;
			children = (
				6A9270112179BCF400831045 /* JSBadgeView.h */,
				6A9270102179BCF400831045 /* JSBadgeView.m */,
			);
			path = JSBadgeView;
			sourceTree = "<group>";
		};
		C288EF5F265E37CA00AABB2D /* YFPageMenu */ = {
			isa = PBXGroup;
			children = (
				C288EF6B265E37D100AABB2D /* YFPageMenu.h */,
				C288EF68265E37D000AABB2D /* YFPageMenu.m */,
				C288EF69265E37D000AABB2D /* YFPageMenuButton.h */,
				C288EF66265E37D000AABB2D /* YFPageMenuButton.m */,
				C288EF61265E37CF00AABB2D /* YFPageMenuButtonItem.h */,
				C288EF6A265E37D000AABB2D /* YFPageMenuButtonItem.m */,
				C288EF67265E37D000AABB2D /* YFPageMenuLine.h */,
				C288EF64265E37D000AABB2D /* YFPageMenuLine.m */,
				C288EF62265E37CF00AABB2D /* YFPageMenuScrollView.h */,
				C288EF63265E37D000AABB2D /* YFPageMenuScrollView.m */,
				C288EF60265E37CF00AABB2D /* YFPageMenuTracker.h */,
				C288EF65265E37D000AABB2D /* YFPageMenuTracker.m */,
			);
			name = YFPageMenu;
			path = ../../YFPageMenu;
			sourceTree = "<group>";
		};
		DC317C5E213C0BB9000F4159 /* Images */ = {
			isa = PBXGroup;
			children = (
				6A8808BF213D361C00C3553F /* mateor.jpg */,
			);
			name = Images;
			path = YFPageMenu/Images;
			sourceTree = SOURCE_ROOT;
		};
/* End PBXGroup section */

/* Begin PBXNativeTarget section */
		091A68711FA1CAC100DAA561 /* YFPageMenu */ = {
			isa = PBXNativeTarget;
			buildConfigurationList = 091A689F1FA1CAC200DAA561 /* Build configuration list for PBXNativeTarget "YFPageMenu" */;
			buildPhases = (
				091A686E1FA1CAC100DAA561 /* Sources */,
				091A686F1FA1CAC100DAA561 /* Frameworks */,
				091A68701FA1CAC100DAA561 /* Resources */,
			);
			buildRules = (
			);
			dependencies = (
			);
			name = YFPageMenu;
			productName = YFPageMenu;
			productReference = 091A68721FA1CAC100DAA561 /* YFPageMenu.app */;
			productType = "com.apple.product-type.application";
		};
		091A688A1FA1CAC200DAA561 /* YFPageMenuTests */ = {
			isa = PBXNativeTarget;
			buildConfigurationList = 091A68A21FA1CAC200DAA561 /* Build configuration list for PBXNativeTarget "YFPageMenuTests" */;
			buildPhases = (
				091A68871FA1CAC200DAA561 /* Sources */,
				091A68881FA1CAC200DAA561 /* Frameworks */,
				091A68891FA1CAC200DAA561 /* Resources */,
			);
			buildRules = (
			);
			dependencies = (
				091A688D1FA1CAC200DAA561 /* PBXTargetDependency */,
			);
			name = YFPageMenuTests;
			productName = YFPageMenuTests;
			productReference = 091A688B1FA1CAC200DAA561 /* YFPageMenuTests.xctest */;
			productType = "com.apple.product-type.bundle.unit-test";
		};
		091A68951FA1CAC200DAA561 /* YFPageMenuUITests */ = {
			isa = PBXNativeTarget;
			buildConfigurationList = 091A68A51FA1CAC200DAA561 /* Build configuration list for PBXNativeTarget "YFPageMenuUITests" */;
			buildPhases = (
				091A68921FA1CAC200DAA561 /* Sources */,
				091A68931FA1CAC200DAA561 /* Frameworks */,
				091A68941FA1CAC200DAA561 /* Resources */,
			);
			buildRules = (
			);
			dependencies = (
				091A68981FA1CAC200DAA561 /* PBXTargetDependency */,
			);
			name = YFPageMenuUITests;
			productName = YFPageMenuUITests;
			productReference = 091A68961FA1CAC200DAA561 /* YFPageMenuUITests.xctest */;
			productType = "com.apple.product-type.bundle.ui-testing";
		};
/* End PBXNativeTarget section */

/* Begin PBXProject section */
		091A686A1FA1CAC100DAA561 /* Project object */ = {
			isa = PBXProject;
			attributes = {
				LastUpgradeCheck = 0920;
				ORGANIZATIONNAME = iDress;
				TargetAttributes = {
					091A68711FA1CAC100DAA561 = {
						CreatedOnToolsVersion = 8.2.1;
						DevelopmentTeam = N7GTHGMGVY;
						ProvisioningStyle = Automatic;
					};
					091A688A1FA1CAC200DAA561 = {
						CreatedOnToolsVersion = 8.2.1;
						DevelopmentTeam = SXULSRC6Y5;
						ProvisioningStyle = Automatic;
						TestTargetID = 091A68711FA1CAC100DAA561;
					};
					091A68951FA1CAC200DAA561 = {
						CreatedOnToolsVersion = 8.2.1;
						DevelopmentTeam = SXULSRC6Y5;
						ProvisioningStyle = Automatic;
						TestTargetID = 091A68711FA1CAC100DAA561;
					};
				};
			};
			buildConfigurationList = 091A686D1FA1CAC100DAA561 /* Build configuration list for PBXProject "YFPageMenu" */;
			compatibilityVersion = "Xcode 3.2";
			developmentRegion = English;
			hasScannedForEncodings = 0;
			knownRegions = (
				English,
				en,
				Base,
			);
			mainGroup = 091A68691FA1CAC100DAA561;
			productRefGroup = 091A68731FA1CAC100DAA561 /* Products */;
			projectDirPath = "";
			projectRoot = "";
			targets = (
				091A68711FA1CAC100DAA561 /* YFPageMenu */,
				091A688A1FA1CAC200DAA561 /* YFPageMenuTests */,
				091A68951FA1CAC200DAA561 /* YFPageMenuUITests */,
			);
		};
/* End PBXProject section */

/* Begin PBXResourcesBuildPhase section */
		091A68701FA1CAC100DAA561 /* Resources */ = {
			isa = PBXResourcesBuildPhase;
			buildActionMask = 2147483647;
			files = (
				091A68851FA1CAC100DAA561 /* LaunchScreen.storyboard in Resources */,
				091A68821FA1CAC100DAA561 /* Assets.xcassets in Resources */,
				6A8808C1213D361D00C3553F /* mateor.jpg in Resources */,
				091A68801FA1CAC100DAA561 /* Main.storyboard in Resources */,
			);
			runOnlyForDeploymentPostprocessing = 0;
		};
		091A68891FA1CAC200DAA561 /* Resources */ = {
			isa = PBXResourcesBuildPhase;
			buildActionMask = 2147483647;
			files = (
			);
			runOnlyForDeploymentPostprocessing = 0;
		};
		091A68941FA1CAC200DAA561 /* Resources */ = {
			isa = PBXResourcesBuildPhase;
			buildActionMask = 2147483647;
			files = (
			);
			runOnlyForDeploymentPostprocessing = 0;
		};
/* End PBXResourcesBuildPhase section */

/* Begin PBXSourcesBuildPhase section */
		091A686E1FA1CAC100DAA561 /* Sources */ = {
			isa = PBXSourcesBuildPhase;
			buildActionMask = 2147483647;
			files = (
				C20E6501265E22EC004BD51E /* YFPageMenuLine.m in Sources */,
				095E9C1D1FA6F8CC0097A889 /* SecondViewController.m in Sources */,
				095E9C1B1FA6F8CC0097A889 /* FiveViewController.m in Sources */,
				095E9C191FA6F8CC0097A889 /* EightViewController.m in Sources */,
				C20E6503265E22EC004BD51E /* YFPageMenuScrollView.m in Sources */,
				6A9270122179BCF400831045 /* JSBadgeView.m in Sources */,
				095E9C181FA6F8CC0097A889 /* BaseViewController.m in Sources */,
				091229F91FA5F13000AEE295 /* ParentViewController.m in Sources */,
				095E9C1E1FA6F8CC0097A889 /* SevenViewController.m in Sources */,
				091A687D1FA1CAC100DAA561 /* ViewController.m in Sources */,
				095E9C1A1FA6F8CC0097A889 /* FirstViewController.m in Sources */,
				C20E64FE265E22EC004BD51E /* YFPageMenuButtonItem.m in Sources */,
				091A687A1FA1CAC100DAA561 /* AppDelegate.m in Sources */,
				C20E6502265E22EC004BD51E /* YFPageMenuButton.m in Sources */,
				C20E6500265E22EC004BD51E /* YFPageMenu.m in Sources */,
				C20E64FF265E22EC004BD51E /* YFPageMenuTracker.m in Sources */,
				095E9C1C1FA6F8CC0097A889 /* FourViewController.m in Sources */,
				095E9C1F1FA6F8CC0097A889 /* SixViewController.m in Sources */,
				091A68771FA1CAC100DAA561 /* main.m in Sources */,
				095E9C211FA6F8CC0097A889 /* ThidViewController.m in Sources */,
			);
			runOnlyForDeploymentPostprocessing = 0;
		};
		091A68871FA1CAC200DAA561 /* Sources */ = {
			isa = PBXSourcesBuildPhase;
			buildActionMask = 2147483647;
			files = (
				091A68901FA1CAC200DAA561 /* YFPageMenuTests.m in Sources */,
			);
			runOnlyForDeploymentPostprocessing = 0;
		};
		091A68921FA1CAC200DAA561 /* Sources */ = {
			isa = PBXSourcesBuildPhase;
			buildActionMask = 2147483647;
			files = (
				091A689B1FA1CAC200DAA561 /* YFPageMenuUITests.m in Sources */,
			);
			runOnlyForDeploymentPostprocessing = 0;
		};
/* End PBXSourcesBuildPhase section */

/* Begin PBXTargetDependency section */
		091A688D1FA1CAC200DAA561 /* PBXTargetDependency */ = {
			isa = PBXTargetDependency;
			target = 091A68711FA1CAC100DAA561 /* YFPageMenu */;
			targetProxy = 091A688C1FA1CAC200DAA561 /* PBXContainerItemProxy */;
		};
		091A68981FA1CAC200DAA561 /* PBXTargetDependency */ = {
			isa = PBXTargetDependency;
			target = 091A68711FA1CAC100DAA561 /* YFPageMenu */;
			targetProxy = 091A68971FA1CAC200DAA561 /* PBXContainerItemProxy */;
		};
/* End PBXTargetDependency section */

/* Begin PBXVariantGroup section */
		091A687E1FA1CAC100DAA561 /* Main.storyboard */ = {
			isa = PBXVariantGroup;
			children = (
				091A687F1FA1CAC100DAA561 /* Base */,
			);
			name = Main.storyboard;
			sourceTree = "<group>";
		};
		091A68831FA1CAC100DAA561 /* LaunchScreen.storyboard */ = {
			isa = PBXVariantGroup;
			children = (
				091A68841FA1CAC100DAA561 /* Base */,
			);
			name = LaunchScreen.storyboard;
			sourceTree = "<group>";
		};
/* End PBXVariantGroup section */

/* Begin XCBuildConfiguration section */
		091A689D1FA1CAC200DAA561 /* Debug */ = {
			isa = XCBuildConfiguration;
			buildSettings = {
				ALWAYS_SEARCH_USER_PATHS = NO;
				CLANG_ANALYZER_NONNULL = YES;
				CLANG_CXX_LANGUAGE_STANDARD = "gnu++0x";
				CLANG_CXX_LIBRARY = "libc++";
				CLANG_ENABLE_MODULES = YES;
				CLANG_ENABLE_OBJC_ARC = YES;
				CLANG_WARN_BLOCK_CAPTURE_AUTORELEASING = YES;
				CLANG_WARN_BOOL_CONVERSION = YES;
				CLANG_WARN_COMMA = YES;
				CLANG_WARN_CONSTANT_CONVERSION = YES;
				CLANG_WARN_DIRECT_OBJC_ISA_USAGE = YES_ERROR;
				CLANG_WARN_DOCUMENTATION_COMMENTS = YES;
				CLANG_WARN_EMPTY_BODY = YES;
				CLANG_WARN_ENUM_CONVERSION = YES;
				CLANG_WARN_INFINITE_RECURSION = YES;
				CLANG_WARN_INT_CONVERSION = YES;
				CLANG_WARN_NON_LITERAL_NULL_CONVERSION = YES;
				CLANG_WARN_OBJC_LITERAL_CONVERSION = YES;
				CLANG_WARN_OBJC_ROOT_CLASS = YES_ERROR;
				CLANG_WARN_RANGE_LOOP_ANALYSIS = YES;
				CLANG_WARN_STRICT_PROTOTYPES = YES;
				CLANG_WARN_SUSPICIOUS_MOVE = YES;
				CLANG_WARN_UNREACHABLE_CODE = YES;
				CLANG_WARN__DUPLICATE_METHOD_MATCH = YES;
				"CODE_SIGN_IDENTITY[sdk=iphoneos*]" = "iPhone Developer";
				COPY_PHASE_STRIP = NO;
				DEBUG_INFORMATION_FORMAT = dwarf;
				ENABLE_STRICT_OBJC_MSGSEND = YES;
				ENABLE_TESTABILITY = YES;
				GCC_C_LANGUAGE_STANDARD = gnu99;
				GCC_DYNAMIC_NO_PIC = NO;
				GCC_NO_COMMON_BLOCKS = YES;
				GCC_OPTIMIZATION_LEVEL = 0;
				GCC_PREPROCESSOR_DEFINITIONS = (
					"DEBUG=1",
					"$(inherited)",
				);
				GCC_WARN_64_TO_32_BIT_CONVERSION = YES;
				GCC_WARN_ABOUT_RETURN_TYPE = YES_ERROR;
				GCC_WARN_UNDECLARED_SELECTOR = YES;
				GCC_WARN_UNINITIALIZED_AUTOS = YES_AGGRESSIVE;
				GCC_WARN_UNUSED_FUNCTION = YES;
				GCC_WARN_UNUSED_VARIABLE = YES;
				IPHONEOS_DEPLOYMENT_TARGET = 8.0;
				MTL_ENABLE_DEBUG_INFO = YES;
				ONLY_ACTIVE_ARCH = YES;
				SDKROOT = iphoneos;
			};
			name = Debug;
		};
		091A689E1FA1CAC200DAA561 /* Release */ = {
			isa = XCBuildConfiguration;
			buildSettings = {
				ALWAYS_SEARCH_USER_PATHS = NO;
				CLANG_ANALYZER_NONNULL = YES;
				CLANG_CXX_LANGUAGE_STANDARD = "gnu++0x";
				CLANG_CXX_LIBRARY = "libc++";
				CLANG_ENABLE_MODULES = YES;
				CLANG_ENABLE_OBJC_ARC = YES;
				CLANG_WARN_BLOCK_CAPTURE_AUTORELEASING = YES;
				CLANG_WARN_BOOL_CONVERSION = YES;
				CLANG_WARN_COMMA = YES;
				CLANG_WARN_CONSTANT_CONVERSION = YES;
				CLANG_WARN_DIRECT_OBJC_ISA_USAGE = YES_ERROR;
				CLANG_WARN_DOCUMENTATION_COMMENTS = YES;
				CLANG_WARN_EMPTY_BODY = YES;
				CLANG_WARN_ENUM_CONVERSION = YES;
				CLANG_WARN_INFINITE_RECURSION = YES;
				CLANG_WARN_INT_CONVERSION = YES;
				CLANG_WARN_NON_LITERAL_NULL_CONVERSION = YES;
				CLANG_WARN_OBJC_LITERAL_CONVERSION = YES;
				CLANG_WARN_OBJC_ROOT_CLASS = YES_ERROR;
				CLANG_WARN_RANGE_LOOP_ANALYSIS = YES;
				CLANG_WARN_STRICT_PROTOTYPES = YES;
				CLANG_WARN_SUSPICIOUS_MOVE = YES;
				CLANG_WARN_UNREACHABLE_CODE = YES;
				CLANG_WARN__DUPLICATE_METHOD_MATCH = YES;
				"CODE_SIGN_IDENTITY[sdk=iphoneos*]" = "iPhone Developer";
				COPY_PHASE_STRIP = NO;
				DEBUG_INFORMATION_FORMAT = "dwarf-with-dsym";
				ENABLE_NS_ASSERTIONS = NO;
				ENABLE_STRICT_OBJC_MSGSEND = YES;
				GCC_C_LANGUAGE_STANDARD = gnu99;
				GCC_NO_COMMON_BLOCKS = YES;
				GCC_WARN_64_TO_32_BIT_CONVERSION = YES;
				GCC_WARN_ABOUT_RETURN_TYPE = YES_ERROR;
				GCC_WARN_UNDECLARED_SELECTOR = YES;
				GCC_WARN_UNINITIALIZED_AUTOS = YES_AGGRESSIVE;
				GCC_WARN_UNUSED_FUNCTION = YES;
				GCC_WARN_UNUSED_VARIABLE = YES;
				IPHONEOS_DEPLOYMENT_TARGET = 8.0;
				MTL_ENABLE_DEBUG_INFO = NO;
				SDKROOT = iphoneos;
				VALIDATE_PRODUCT = YES;
			};
			name = Release;
		};
		091A68A01FA1CAC200DAA561 /* Debug */ = {
			isa = XCBuildConfiguration;
			buildSettings = {
				ASSETCATALOG_COMPILER_APPICON_NAME = AppIcon;
				CLANG_WARN_OBJC_IMPLICIT_RETAIN_SELF = NO;
				CODE_SIGN_IDENTITY = "iPhone Developer";
				CODE_SIGN_STYLE = Automatic;
				DEVELOPMENT_TEAM = N7GTHGMGVY;
				INFOPLIST_FILE = YFPageMenu/Info.plist;
				LD_RUNPATH_SEARCH_PATHS = "$(inherited) @executable_path/Frameworks";
				PRODUCT_BUNDLE_IDENTIFIER = com.idresschina.YFPageMenu;
				PRODUCT_NAME = "$(TARGET_NAME)";
				PROVISIONING_PROFILE_SPECIFIER = "";
			};
			name = Debug;
		};
		091A68A11FA1CAC200DAA561 /* Release */ = {
			isa = XCBuildConfiguration;
			buildSettings = {
				ASSETCATALOG_COMPILER_APPICON_NAME = AppIcon;
				CLANG_WARN_OBJC_IMPLICIT_RETAIN_SELF = NO;
				CODE_SIGN_IDENTITY = "iPhone Developer";
				CODE_SIGN_STYLE = Automatic;
				DEVELOPMENT_TEAM = N7GTHGMGVY;
				INFOPLIST_FILE = YFPageMenu/Info.plist;
				LD_RUNPATH_SEARCH_PATHS = "$(inherited) @executable_path/Frameworks";
				PRODUCT_BUNDLE_IDENTIFIER = com.idresschina.YFPageMenu;
				PRODUCT_NAME = "$(TARGET_NAME)";
				PROVISIONING_PROFILE_SPECIFIER = "";
			};
			name = Release;
		};
		091A68A31FA1CAC200DAA561 /* Debug */ = {
			isa = XCBuildConfiguration;
			buildSettings = {
				BUNDLE_LOADER = "$(TEST_HOST)";
				DEVELOPMENT_TEAM = SXULSRC6Y5;
				INFOPLIST_FILE = YFPageMenuTests/Info.plist;
				LD_RUNPATH_SEARCH_PATHS = "$(inherited) @executable_path/Frameworks @loader_path/Frameworks";
				PRODUCT_BUNDLE_IDENTIFIER = com.idresschina.YFPageMenuTests;
				PRODUCT_NAME = "$(TARGET_NAME)";
				TEST_HOST = "$(BUILT_PRODUCTS_DIR)/YFPageMenu.app/YFPageMenu";
			};
			name = Debug;
		};
		091A68A41FA1CAC200DAA561 /* Release */ = {
			isa = XCBuildConfiguration;
			buildSettings = {
				BUNDLE_LOADER = "$(TEST_HOST)";
				DEVELOPMENT_TEAM = SXULSRC6Y5;
				INFOPLIST_FILE = YFPageMenuTests/Info.plist;
				LD_RUNPATH_SEARCH_PATHS = "$(inherited) @executable_path/Frameworks @loader_path/Frameworks";
				PRODUCT_BUNDLE_IDENTIFIER = com.idresschina.YFPageMenuTests;
				PRODUCT_NAME = "$(TARGET_NAME)";
				TEST_HOST = "$(BUILT_PRODUCTS_DIR)/YFPageMenu.app/YFPageMenu";
			};
			name = Release;
		};
		091A68A61FA1CAC200DAA561 /* Debug */ = {
			isa = XCBuildConfiguration;
			buildSettings = {
				DEVELOPMENT_TEAM = SXULSRC6Y5;
				INFOPLIST_FILE = YFPageMenuUITests/Info.plist;
				LD_RUNPATH_SEARCH_PATHS = "$(inherited) @executable_path/Frameworks @loader_path/Frameworks";
				PRODUCT_BUNDLE_IDENTIFIER = com.idresschina.YFPageMenuUITests;
				PRODUCT_NAME = "$(TARGET_NAME)";
				TEST_TARGET_NAME = YFPageMenu;
			};
			name = Debug;
		};
		091A68A71FA1CAC200DAA561 /* Release */ = {
			isa = XCBuildConfiguration;
			buildSettings = {
				DEVELOPMENT_TEAM = SXULSRC6Y5;
				INFOPLIST_FILE = YFPageMenuUITests/Info.plist;
				LD_RUNPATH_SEARCH_PATHS = "$(inherited) @executable_path/Frameworks @loader_path/Frameworks";
				PRODUCT_BUNDLE_IDENTIFIER = com.idresschina.YFPageMenuUITests;
				PRODUCT_NAME = "$(TARGET_NAME)";
				TEST_TARGET_NAME = YFPageMenu;
			};
			name = Release;
		};
/* End XCBuildConfiguration section */

/* Begin XCConfigurationList section */
		091A686D1FA1CAC100DAA561 /* Build configuration list for PBXProject "YFPageMenu" */ = {
			isa = XCConfigurationList;
			buildConfigurations = (
				091A689D1FA1CAC200DAA561 /* Debug */,
				091A689E1FA1CAC200DAA561 /* Release */,
			);
			defaultConfigurationIsVisible = 0;
			defaultConfigurationName = Release;
		};
		091A689F1FA1CAC200DAA561 /* Build configuration list for PBXNativeTarget "YFPageMenu" */ = {
			isa = XCConfigurationList;
			buildConfigurations = (
				091A68A01FA1CAC200DAA561 /* Debug */,
				091A68A11FA1CAC200DAA561 /* Release */,
			);
			defaultConfigurationIsVisible = 0;
			defaultConfigurationName = Release;
		};
		091A68A21FA1CAC200DAA561 /* Build configuration list for PBXNativeTarget "YFPageMenuTests" */ = {
			isa = XCConfigurationList;
			buildConfigurations = (
				091A68A31FA1CAC200DAA561 /* Debug */,
				091A68A41FA1CAC200DAA561 /* Release */,
			);
			defaultConfigurationIsVisible = 0;
			defaultConfigurationName = Release;
		};
		091A68A51FA1CAC200DAA561 /* Build configuration list for PBXNativeTarget "YFPageMenuUITests" */ = {
			isa = XCConfigurationList;
			buildConfigurations = (
				091A68A61FA1CAC200DAA561 /* Debug */,
				091A68A71FA1CAC200DAA561 /* Release */,
			);
			defaultConfigurationIsVisible = 0;
			defaultConfigurationName = Release;
		};
/* End XCConfigurationList section */
	};
	rootObject = 091A686A1FA1CAC100DAA561 /* Project object */;
}
